
Microsoft Visual Studio Solution File, Format Version 12.00
# Visual Studio Version 17
VisualStudioVersion = 17.5.002.0
MinimumVisualStudioVersion = 10.0.40219.1
Project("{9A19103F-16F7-4668-BE54-9A1E7A4F7556}") = "task4", "task4.csproj", "{F92575DF-01FB-4905-9244-EDD0061D7919}"
EndProject
Global
	GlobalSection(SolutionConfigurationPlatforms) = preSolution
		Debug|Any CPU = Debug|Any CPU
		Release|Any CPU = Release|Any CPU
	EndGlobalSection
	GlobalSection(ProjectConfigurationPlatforms) = postSolution
		{F92575DF-01FB-4905-9244-EDD0061D7919}.Debug|Any CPU.ActiveCfg = Debug|Any CPU
		{F92575DF-01FB-4905-9244-EDD0061D7919}.Debug|Any CPU.Build.0 = Debug|Any CPU
		{F92575DF-01FB-4905-9244-EDD0061D7919}.Release|Any CPU.ActiveCfg = Release|Any CPU
		{F92575DF-01FB-4905-9244-EDD0061D7919}.Release|Any CPU.Build.0 = Release|Any CPU
	EndGlobalSection
	GlobalSection(SolutionProperties) = preSolution
		HideSolutionNode = FALSE
	EndGlobalSection
	GlobalSection(ExtensibilityGlobals) = postSolution
		SolutionGuid = {34DE37EF-AECC-4F2F-8752-9AA52D2BF933}
	EndGlobalSection
EndGlobal
